// !$*UTF8*$!
{
	archiveVersion = 1;
	classes = {
	};
	objectVersion = 46;
	objects = {

/* Begin PBXContainerItemProxy section */
		046E7A651B4635C400135E38 /* PBXContainerItemProxy */ = {
			isa = PBXContainerItemProxy;
			containerPortal = 046E7A611B4635C300135E38 /* SimpleSortC.xcodeproj */;
			proxyType = 2;
			remoteGlobalIDString = 046E7A571B4635C300135E38;
			remoteInfo = SimpleSortC;
		};
/* End PBXContainerItemProxy section */

/* Begin PBXFileReference section */
		046E7A611B4635C300135E38 /* SimpleSortC.xcodeproj */ = {isa = PBXFileReference; lastKnownFileType = "wrapper.pb-project"; name = SimpleSortC.xcodeproj; path = SimpleSortC/SimpleSortC.xcodeproj; sourceTree = "<group>"; };
/* End PBXFileReference section */

/* Begin PBXGroup section */
		046E7A471B46357E00135E38 = {
			isa = PBXGroup;
			children = (
				046E7A611B4635C300135E38 /* SimpleSortC.xcodeproj */,
			);
			sourceTree = "<group>";
		};
		046E7A621B4635C300135E38 /* Products */ = {
			isa = PBXGroup;
			children = (
				046E7A661B4635C400135E38 /* SimpleSortC */,
			);
			name = Products;
			sourceTree = "<group>";
		};
/* End PBXGroup section */

/* Begin PBXProject section */
		046E7A481B46357E00135E38 /* Project object */ = {
			isa = PBXProject;
			attributes = {
				LastUpgradeCheck = 0630;
			};
			buildConfigurationList = 046E7A4B1B46357E00135E38 /* Build configuration list for PBXProject "Algorithms" */;
			compatibilityVersion = "Xcode 3.2";
			developmentRegion = English;
			hasScannedForEncodings = 0;
			knownRegions = (
				en,
			);
			mainGroup = 046E7A471B46357E00135E38;
			projectDirPath = "";
			projectReferences = (
				{
					ProductGroup = 046E7A621B4635C300135E38 /* Products */;
					ProjectRef = 046E7A611B4635C300135E38 /* SimpleSortC.xcodeproj */;
				},
			);
			projectRoot = "";
			targets = (
			);
		};
/* End PBXProject section */

/* Begin PBXReferenceProxy section */
		046E7A661B4635C400135E38 /* SimpleSortC */ = {
			isa = PBXReferenceProxy;
			fileType = "compiled.mach-o.executable";
			path = SimpleSortC;
			remoteRef = 046E7A651B4635C400135E38 /* PBXContainerItemProxy */;
			sourceTree = BUILT_PRODUCTS_DIR;
		};
/* End PBXReferenceProxy section */

/* Begin XCBuildConfiguration section */
		046E7A4C1B46357E00135E38 /* Debug */ = {
			isa = XCBuildConfiguration;
			buildSettings = {
			};
			name = Debug;
		};
		046E7A4D1B46357E00135E38 /* Release */ = {
			isa = XCBuildConfiguration;
			buildSettings = {
			};
			name = Release;
		};
/* End XCBuildConfiguration section */

/* Begin XCConfigurationList section */
		046E7A4B1B46357E00135E38 /* Build configuration list for PBXProject "Algorithms" */ = {
			isa = XCConfigurationList;
			buildConfigurations = (
				046E7A4C1B46357E00135E38 /* Debug */,
				046E7A4D1B46357E00135E38 /* Release */,
			);
			defaultConfigurationIsVisible = 0;
			defaultConfigurationName = Release;
		};
/* End XCConfigurationList section */
	};
	rootObject = 046E7A481B46357E00135E38 /* Project object */;
}
