// !$*UTF8*$!
{
	archiveVersion = 1;
	classes = {
	};
	objectVersion = 46;
	objects = {

/* Begin PBXContainerItemProxy section */
		044B185B1B5C837300CD1FBD /* PBXContainerItemProxy */ = {
			isa = PBXContainerItemProxy;
			containerPortal = 044B18551B5C837000CD1FBD /* LinkListC.xcodeproj */;
			proxyType = 2;
			remoteGlobalIDString = 044B184B1B5C837000CD1FBD;
			remoteInfo = LinkListC;
		};
		044B187B1B5C898C00CD1FBD /* PBXContainerItemProxy */ = {
			isa = PBXContainerItemProxy;
			containerPortal = 044B18771B5C898B00CD1FBD /* StackC.xcodeproj */;
			proxyType = 2;
			remoteGlobalIDString = 044B186D1B5C898B00CD1FBD;
			remoteInfo = StackC;
		};
		044B18941B5CA05600CD1FBD /* PBXContainerItemProxy */ = {
			isa = PBXContainerItemProxy;
			containerPortal = 044B18901B5CA05300CD1FBD /* EnumerateC.xcodeproj */;
			proxyType = 2;
			remoteGlobalIDString = 044B18861B5CA05300CD1FBD;
			remoteInfo = EnumerateC;
		};
		044B18AD1B5CA7B300CD1FBD /* PBXContainerItemProxy */ = {
			isa = PBXContainerItemProxy;
			containerPortal = 044B18A91B5CA7B200CD1FBD /* EnumerateSwift.xcodeproj */;
			proxyType = 2;
			remoteGlobalIDString = 044B189F1B5CA7B200CD1FBD;
			remoteInfo = EnumerateSwift;
		};
		046E7A651B4635C400135E38 /* PBXContainerItemProxy */ = {
			isa = PBXContainerItemProxy;
			containerPortal = 046E7A611B4635C300135E38 /* SimpleSortC.xcodeproj */;
			proxyType = 2;
			remoteGlobalIDString = 046E7A571B4635C300135E38;
			remoteInfo = SimpleSortC;
		};
		046E7ACA1B4672EB00135E38 /* PBXContainerItemProxy */ = {
			isa = PBXContainerItemProxy;
			containerPortal = 046E7AC61B4672EA00135E38 /* SimpleSortSwift.xcodeproj */;
			proxyType = 2;
			remoteGlobalIDString = 046E7ABC1B4672EA00135E38;
			remoteInfo = SimpleSortSwift;
		};
		048803551B54AB7C000449D2 /* PBXContainerItemProxy */ = {
			isa = PBXContainerItemProxy;
			containerPortal = 0488034F1B54AB7A000449D2 /* QueueQQNumberC.xcodeproj */;
			proxyType = 2;
			remoteGlobalIDString = 048803451B54AB7A000449D2;
			remoteInfo = QueueQQNumberC;
		};
		048803861B54B30D000449D2 /* PBXContainerItemProxy */ = {
			isa = PBXContainerItemProxy;
			containerPortal = 048803821B54B30C000449D2 /* QueueQQNumberSwift.xcodeproj */;
			proxyType = 2;
			remoteGlobalIDString = 048803781B54B30C000449D2;
			remoteInfo = QueueQQNumberSwift;
		};
		0488039F1B54EECA000449D2 /* PBXContainerItemProxy */ = {
			isa = PBXContainerItemProxy;
			containerPortal = 0488039B1B54EEC9000449D2 /* Pointer.xcodeproj */;
			proxyType = 2;
			remoteGlobalIDString = 048803911B54EEC9000449D2;
			remoteInfo = Pointer;
		};
		04D691331B4D69A000FEE7FA /* PBXContainerItemProxy */ = {
			isa = PBXContainerItemProxy;
			containerPortal = 04D6912F1B4D699F00FEE7FA /* BubbleSortC.xcodeproj */;
			proxyType = 2;
			remoteGlobalIDString = 04D691251B4D699F00FEE7FA;
			remoteInfo = BubbleSortC;
		};
		04D6914C1B4E18BC00FEE7FA /* PBXContainerItemProxy */ = {
			isa = PBXContainerItemProxy;
			containerPortal = 04D691481B4E18BB00FEE7FA /* BubbleSortSwift.xcodeproj */;
			proxyType = 2;
			remoteGlobalIDString = 04D6913E1B4E18BB00FEE7FA;
			remoteInfo = BubbleSortSwift;
		};
		04D691651B4EB09D00FEE7FA /* PBXContainerItemProxy */ = {
			isa = PBXContainerItemProxy;
			containerPortal = 04D691611B4EB09500FEE7FA /* QuickSortC.xcodeproj */;
			proxyType = 2;
			remoteGlobalIDString = 04D691571B4EB09400FEE7FA;
			remoteInfo = QuickSortC;
		};
		04D6917E1B4EB0BD00FEE7FA /* PBXContainerItemProxy */ = {
			isa = PBXContainerItemProxy;
			containerPortal = 04D6917A1B4EB0BB00FEE7FA /* QuickSortSwift.xcodeproj */;
			proxyType = 2;
			remoteGlobalIDString = 04D691701B4EB0BB00FEE7FA;
			remoteInfo = QuickSortSwift;
		};
		D4CAC9901BAC146A00F0149B /* PBXContainerItemProxy */ = {
			isa = PBXContainerItemProxy;
			containerPortal = D4CAC9891BAC146900F0149B /* EnumerateMatchC.xcodeproj */;
			proxyType = 2;
			remoteGlobalIDString = D4CAC97F1BAC146900F0149B;
			remoteInfo = EnumerateMatchC;
		};
/* End PBXContainerItemProxy section */

/* Begin PBXFileReference section */
		044B18551B5C837000CD1FBD /* LinkListC.xcodeproj */ = {isa = PBXFileReference; lastKnownFileType = "wrapper.pb-project"; name = LinkListC.xcodeproj; path = LinkListC/LinkListC.xcodeproj; sourceTree = "<group>"; };
		044B18771B5C898B00CD1FBD /* StackC.xcodeproj */ = {isa = PBXFileReference; lastKnownFileType = "wrapper.pb-project"; name = StackC.xcodeproj; path = StackC/StackC.xcodeproj; sourceTree = "<group>"; };
		044B18901B5CA05300CD1FBD /* EnumerateC.xcodeproj */ = {isa = PBXFileReference; lastKnownFileType = "wrapper.pb-project"; name = EnumerateC.xcodeproj; path = EnumerateC/EnumerateC.xcodeproj; sourceTree = "<group>"; };
		044B18A91B5CA7B200CD1FBD /* EnumerateSwift.xcodeproj */ = {isa = PBXFileReference; lastKnownFileType = "wrapper.pb-project"; name = EnumerateSwift.xcodeproj; path = EnumerateSwift/EnumerateSwift.xcodeproj; sourceTree = "<group>"; };
		046E7A611B4635C300135E38 /* SimpleSortC.xcodeproj */ = {isa = PBXFileReference; lastKnownFileType = "wrapper.pb-project"; name = SimpleSortC.xcodeproj; path = SimpleSortC/SimpleSortC.xcodeproj; sourceTree = "<group>"; };
		046E7AC61B4672EA00135E38 /* SimpleSortSwift.xcodeproj */ = {isa = PBXFileReference; lastKnownFileType = "wrapper.pb-project"; name = SimpleSortSwift.xcodeproj; path = SimpleSortSwift/SimpleSortSwift.xcodeproj; sourceTree = "<group>"; };
		0488034F1B54AB7A000449D2 /* QueueQQNumberC.xcodeproj */ = {isa = PBXFileReference; lastKnownFileType = "wrapper.pb-project"; name = QueueQQNumberC.xcodeproj; path = QueueQQNumberC/QueueQQNumberC.xcodeproj; sourceTree = "<group>"; };
		048803821B54B30C000449D2 /* QueueQQNumberSwift.xcodeproj */ = {isa = PBXFileReference; lastKnownFileType = "wrapper.pb-project"; name = QueueQQNumberSwift.xcodeproj; path = QueueQQNumberSwift/QueueQQNumberSwift.xcodeproj; sourceTree = "<group>"; };
		0488039B1B54EEC9000449D2 /* Pointer.xcodeproj */ = {isa = PBXFileReference; lastKnownFileType = "wrapper.pb-project"; name = Pointer.xcodeproj; path = Pointer/Pointer.xcodeproj; sourceTree = "<group>"; };
		04D6912F1B4D699F00FEE7FA /* BubbleSortC.xcodeproj */ = {isa = PBXFileReference; lastKnownFileType = "wrapper.pb-project"; name = BubbleSortC.xcodeproj; path = BubbleSortC/BubbleSortC.xcodeproj; sourceTree = "<group>"; };
		04D691481B4E18BB00FEE7FA /* BubbleSortSwift.xcodeproj */ = {isa = PBXFileReference; lastKnownFileType = "wrapper.pb-project"; name = BubbleSortSwift.xcodeproj; path = BubbleSortSwift/BubbleSortSwift.xcodeproj; sourceTree = "<group>"; };
		04D691611B4EB09500FEE7FA /* QuickSortC.xcodeproj */ = {isa = PBXFileReference; lastKnownFileType = "wrapper.pb-project"; name = QuickSortC.xcodeproj; path = QuickSortC/QuickSortC.xcodeproj; sourceTree = "<group>"; };
		04D6917A1B4EB0BB00FEE7FA /* QuickSortSwift.xcodeproj */ = {isa = PBXFileReference; lastKnownFileType = "wrapper.pb-project"; name = QuickSortSwift.xcodeproj; path = QuickSortSwift/QuickSortSwift.xcodeproj; sourceTree = "<group>"; };
		D4CAC9891BAC146900F0149B /* EnumerateMatchC.xcodeproj */ = {isa = PBXFileReference; lastKnownFileType = "wrapper.pb-project"; name = EnumerateMatchC.xcodeproj; path = EnumerateMatchC/EnumerateMatchC.xcodeproj; sourceTree = "<group>"; };
/* End PBXFileReference section */

/* Begin PBXGroup section */
		044B18561B5C837000CD1FBD /* Products */ = {
			isa = PBXGroup;
			children = (
				044B185C1B5C837300CD1FBD /* LinkListC */,
			);
			name = Products;
			sourceTree = "<group>";
		};
		044B18781B5C898B00CD1FBD /* Products */ = {
			isa = PBXGroup;
			children = (
				044B187C1B5C898C00CD1FBD /* StackC */,
			);
			name = Products;
			sourceTree = "<group>";
		};
		044B18911B5CA05300CD1FBD /* Products */ = {
			isa = PBXGroup;
			children = (
				044B18951B5CA05600CD1FBD /* EnumerateC */,
			);
			name = Products;
			sourceTree = "<group>";
		};
		044B18AA1B5CA7B200CD1FBD /* Products */ = {
			isa = PBXGroup;
			children = (
				044B18AE1B5CA7B300CD1FBD /* EnumerateSwift */,
			);
			name = Products;
			sourceTree = "<group>";
		};
		046E7A471B46357E00135E38 = {
			isa = PBXGroup;
			children = (
				D4CAC9891BAC146900F0149B /* EnumerateMatchC.xcodeproj */,
				044B18A91B5CA7B200CD1FBD /* EnumerateSwift.xcodeproj */,
				044B18901B5CA05300CD1FBD /* EnumerateC.xcodeproj */,
				044B18771B5C898B00CD1FBD /* StackC.xcodeproj */,
				044B18551B5C837000CD1FBD /* LinkListC.xcodeproj */,
				0488039B1B54EEC9000449D2 /* Pointer.xcodeproj */,
				048803821B54B30C000449D2 /* QueueQQNumberSwift.xcodeproj */,
				0488034F1B54AB7A000449D2 /* QueueQQNumberC.xcodeproj */,
				04D6917A1B4EB0BB00FEE7FA /* QuickSortSwift.xcodeproj */,
				04D691611B4EB09500FEE7FA /* QuickSortC.xcodeproj */,
				04D691481B4E18BB00FEE7FA /* BubbleSortSwift.xcodeproj */,
				04D6912F1B4D699F00FEE7FA /* BubbleSortC.xcodeproj */,
				046E7AC61B4672EA00135E38 /* SimpleSortSwift.xcodeproj */,
				046E7A611B4635C300135E38 /* SimpleSortC.xcodeproj */,
			);
			sourceTree = "<group>";
		};
		046E7A621B4635C300135E38 /* Products */ = {
			isa = PBXGroup;
			children = (
				046E7A661B4635C400135E38 /* SimpleSortC */,
			);
			name = Products;
			sourceTree = "<group>";
		};
		046E7AC71B4672EA00135E38 /* Products */ = {
			isa = PBXGroup;
			children = (
				046E7ACB1B4672EB00135E38 /* SimpleSortSwift */,
			);
			name = Products;
			sourceTree = "<group>";
		};
		048803501B54AB7A000449D2 /* Products */ = {
			isa = PBXGroup;
			children = (
				048803561B54AB7C000449D2 /* QueueQQNumberC */,
			);
			name = Products;
			sourceTree = "<group>";
		};
		048803831B54B30C000449D2 /* Products */ = {
			isa = PBXGroup;
			children = (
				048803871B54B30D000449D2 /* QueueQQNumberSwift */,
			);
			name = Products;
			sourceTree = "<group>";
		};
		0488039C1B54EEC9000449D2 /* Products */ = {
			isa = PBXGroup;
			children = (
				048803A01B54EECA000449D2 /* Pointer */,
			);
			name = Products;
			sourceTree = "<group>";
		};
		04D691301B4D699F00FEE7FA /* Products */ = {
			isa = PBXGroup;
			children = (
				04D691341B4D69A000FEE7FA /* BubbleSortC */,
			);
			name = Products;
			sourceTree = "<group>";
		};
		04D691491B4E18BB00FEE7FA /* Products */ = {
			isa = PBXGroup;
			children = (
				04D6914D1B4E18BC00FEE7FA /* BubbleSortSwift */,
			);
			name = Products;
			sourceTree = "<group>";
		};
		04D691621B4EB09500FEE7FA /* Products */ = {
			isa = PBXGroup;
			children = (
				04D691661B4EB09D00FEE7FA /* QuickSortC */,
			);
			name = Products;
			sourceTree = "<group>";
		};
		04D6917B1B4EB0BB00FEE7FA /* Products */ = {
			isa = PBXGroup;
			children = (
				04D6917F1B4EB0BD00FEE7FA /* QuickSortSwift */,
			);
			name = Products;
			sourceTree = "<group>";
		};
		D4CAC98A1BAC146900F0149B /* Products */ = {
			isa = PBXGroup;
			children = (
				D4CAC9911BAC146A00F0149B /* EnumerateMatchC */,
			);
			name = Products;
			sourceTree = "<group>";
		};
/* End PBXGroup section */

/* Begin PBXProject section */
		046E7A481B46357E00135E38 /* Project object */ = {
			isa = PBXProject;
			attributes = {
				LastUpgradeCheck = 0630;
			};
			buildConfigurationList = 046E7A4B1B46357E00135E38 /* Build configuration list for PBXProject "Algorithms" */;
			compatibilityVersion = "Xcode 3.2";
			developmentRegion = English;
			hasScannedForEncodings = 0;
			knownRegions = (
				en,
			);
			mainGroup = 046E7A471B46357E00135E38;
			projectDirPath = "";
			projectReferences = (
				{
					ProductGroup = 04D691301B4D699F00FEE7FA /* Products */;
					ProjectRef = 04D6912F1B4D699F00FEE7FA /* BubbleSortC.xcodeproj */;
				},
				{
					ProductGroup = 04D691491B4E18BB00FEE7FA /* Products */;
					ProjectRef = 04D691481B4E18BB00FEE7FA /* BubbleSortSwift.xcodeproj */;
				},
				{
					ProductGroup = 044B18911B5CA05300CD1FBD /* Products */;
					ProjectRef = 044B18901B5CA05300CD1FBD /* EnumerateC.xcodeproj */;
				},
				{
					ProductGroup = D4CAC98A1BAC146900F0149B /* Products */;
					ProjectRef = D4CAC9891BAC146900F0149B /* EnumerateMatchC.xcodeproj */;
				},
				{
					ProductGroup = 044B18AA1B5CA7B200CD1FBD /* Products */;
					ProjectRef = 044B18A91B5CA7B200CD1FBD /* EnumerateSwift.xcodeproj */;
				},
				{
					ProductGroup = 044B18561B5C837000CD1FBD /* Products */;
					ProjectRef = 044B18551B5C837000CD1FBD /* LinkListC.xcodeproj */;
				},
				{
					ProductGroup = 0488039C1B54EEC9000449D2 /* Products */;
					ProjectRef = 0488039B1B54EEC9000449D2 /* Pointer.xcodeproj */;
				},
				{
					ProductGroup = 048803501B54AB7A000449D2 /* Products */;
					ProjectRef = 0488034F1B54AB7A000449D2 /* QueueQQNumberC.xcodeproj */;
				},
				{
					ProductGroup = 048803831B54B30C000449D2 /* Products */;
					ProjectRef = 048803821B54B30C000449D2 /* QueueQQNumberSwift.xcodeproj */;
				},
				{
					ProductGroup = 04D691621B4EB09500FEE7FA /* Products */;
					ProjectRef = 04D691611B4EB09500FEE7FA /* QuickSortC.xcodeproj */;
				},
				{
					ProductGroup = 04D6917B1B4EB0BB00FEE7FA /* Products */;
					ProjectRef = 04D6917A1B4EB0BB00FEE7FA /* QuickSortSwift.xcodeproj */;
				},
				{
					ProductGroup = 046E7A621B4635C300135E38 /* Products */;
					ProjectRef = 046E7A611B4635C300135E38 /* SimpleSortC.xcodeproj */;
				},
				{
					ProductGroup = 046E7AC71B4672EA00135E38 /* Products */;
					ProjectRef = 046E7AC61B4672EA00135E38 /* SimpleSortSwift.xcodeproj */;
				},
				{
					ProductGroup = 044B18781B5C898B00CD1FBD /* Products */;
					ProjectRef = 044B18771B5C898B00CD1FBD /* StackC.xcodeproj */;
				},
			);
			projectRoot = "";
			targets = (
			);
		};
/* End PBXProject section */

/* Begin PBXReferenceProxy section */
		044B185C1B5C837300CD1FBD /* LinkListC */ = {
			isa = PBXReferenceProxy;
			fileType = "compiled.mach-o.executable";
			path = LinkListC;
			remoteRef = 044B185B1B5C837300CD1FBD /* PBXContainerItemProxy */;
			sourceTree = BUILT_PRODUCTS_DIR;
		};
		044B187C1B5C898C00CD1FBD /* StackC */ = {
			isa = PBXReferenceProxy;
			fileType = "compiled.mach-o.executable";
			path = StackC;
			remoteRef = 044B187B1B5C898C00CD1FBD /* PBXContainerItemProxy */;
			sourceTree = BUILT_PRODUCTS_DIR;
		};
		044B18951B5CA05600CD1FBD /* EnumerateC */ = {
			isa = PBXReferenceProxy;
			fileType = "compiled.mach-o.executable";
			path = EnumerateC;
			remoteRef = 044B18941B5CA05600CD1FBD /* PBXContainerItemProxy */;
			sourceTree = BUILT_PRODUCTS_DIR;
		};
		044B18AE1B5CA7B300CD1FBD /* EnumerateSwift */ = {
			isa = PBXReferenceProxy;
			fileType = "compiled.mach-o.executable";
			path = EnumerateSwift;
			remoteRef = 044B18AD1B5CA7B300CD1FBD /* PBXContainerItemProxy */;
			sourceTree = BUILT_PRODUCTS_DIR;
		};
		046E7A661B4635C400135E38 /* SimpleSortC */ = {
			isa = PBXReferenceProxy;
			fileType = "compiled.mach-o.executable";
			path = SimpleSortC;
			remoteRef = 046E7A651B4635C400135E38 /* PBXContainerItemProxy */;
			sourceTree = BUILT_PRODUCTS_DIR;
		};
		046E7ACB1B4672EB00135E38 /* SimpleSortSwift */ = {
			isa = PBXReferenceProxy;
			fileType = "compiled.mach-o.executable";
			path = SimpleSortSwift;
			remoteRef = 046E7ACA1B4672EB00135E38 /* PBXContainerItemProxy */;
			sourceTree = BUILT_PRODUCTS_DIR;
		};
		048803561B54AB7C000449D2 /* QueueQQNumberC */ = {
			isa = PBXReferenceProxy;
			fileType = "compiled.mach-o.executable";
			path = QueueQQNumberC;
			remoteRef = 048803551B54AB7C000449D2 /* PBXContainerItemProxy */;
			sourceTree = BUILT_PRODUCTS_DIR;
		};
		048803871B54B30D000449D2 /* QueueQQNumberSwift */ = {
			isa = PBXReferenceProxy;
			fileType = "compiled.mach-o.executable";
			path = QueueQQNumberSwift;
			remoteRef = 048803861B54B30D000449D2 /* PBXContainerItemProxy */;
			sourceTree = BUILT_PRODUCTS_DIR;
		};
		048803A01B54EECA000449D2 /* Pointer */ = {
			isa = PBXReferenceProxy;
			fileType = "compiled.mach-o.executable";
			path = Pointer;
			remoteRef = 0488039F1B54EECA000449D2 /* PBXContainerItemProxy */;
			sourceTree = BUILT_PRODUCTS_DIR;
		};
		04D691341B4D69A000FEE7FA /* BubbleSortC */ = {
			isa = PBXReferenceProxy;
			fileType = "compiled.mach-o.executable";
			path = BubbleSortC;
			remoteRef = 04D691331B4D69A000FEE7FA /* PBXContainerItemProxy */;
			sourceTree = BUILT_PRODUCTS_DIR;
		};
		04D6914D1B4E18BC00FEE7FA /* BubbleSortSwift */ = {
			isa = PBXReferenceProxy;
			fileType = "compiled.mach-o.executable";
			path = BubbleSortSwift;
			remoteRef = 04D6914C1B4E18BC00FEE7FA /* PBXContainerItemProxy */;
			sourceTree = BUILT_PRODUCTS_DIR;
		};
		04D691661B4EB09D00FEE7FA /* QuickSortC */ = {
			isa = PBXReferenceProxy;
			fileType = "compiled.mach-o.executable";
			path = QuickSortC;
			remoteRef = 04D691651B4EB09D00FEE7FA /* PBXContainerItemProxy */;
			sourceTree = BUILT_PRODUCTS_DIR;
		};
		04D6917F1B4EB0BD00FEE7FA /* QuickSortSwift */ = {
			isa = PBXReferenceProxy;
			fileType = "compiled.mach-o.executable";
			path = QuickSortSwift;
			remoteRef = 04D6917E1B4EB0BD00FEE7FA /* PBXContainerItemProxy */;
			sourceTree = BUILT_PRODUCTS_DIR;
		};
		D4CAC9911BAC146A00F0149B /* EnumerateMatchC */ = {
			isa = PBXReferenceProxy;
			fileType = "compiled.mach-o.executable";
			path = EnumerateMatchC;
			remoteRef = D4CAC9901BAC146A00F0149B /* PBXContainerItemProxy */;
			sourceTree = BUILT_PRODUCTS_DIR;
		};
/* End PBXReferenceProxy section */

/* Begin XCBuildConfiguration section */
		046E7A4C1B46357E00135E38 /* Debug */ = {
			isa = XCBuildConfiguration;
			buildSettings = {
			};
			name = Debug;
		};
		046E7A4D1B46357E00135E38 /* Release */ = {
			isa = XCBuildConfiguration;
			buildSettings = {
			};
			name = Release;
		};
/* End XCBuildConfiguration section */

/* Begin XCConfigurationList section */
		046E7A4B1B46357E00135E38 /* Build configuration list for PBXProject "Algorithms" */ = {
			isa = XCConfigurationList;
			buildConfigurations = (
				046E7A4C1B46357E00135E38 /* Debug */,
				046E7A4D1B46357E00135E38 /* Release */,
			);
			defaultConfigurationIsVisible = 0;
			defaultConfigurationName = Release;
		};
/* End XCConfigurationList section */
	};
	rootObject = 046E7A481B46357E00135E38 /* Project object */;
}
